
Microsoft Visual Studio Solution File, Format Version 12.00
# Visual Studio 15
VisualStudioVersion = 15.0.28010.2048
MinimumVisualStudioVersion = 10.0.40219.1
Project("{888888A0-9F3D-457C-B088-3A5042F75D52}") = "CalculoNumericoApp", "CalculoNumericoApp\CalculoNumericoApp.pyproj", "{8CA25BE9-2526-4D06-BED1-12D3D897306E}"
EndProject
Global
	GlobalSection(SolutionConfigurationPlatforms) = preSolution
		Debug|Any CPU = Debug|Any CPU
		Release|Any CPU = Release|Any CPU
	EndGlobalSection
	GlobalSection(ProjectConfigurationPlatforms) = postSolution
		{8CA25BE9-2526-4D06-BED1-12D3D897306E}.Debug|Any CPU.ActiveCfg = Debug|Any CPU
		{8CA25BE9-2526-4D06-BED1-12D3D897306E}.Release|Any CPU.ActiveCfg = Release|Any CPU
	EndGlobalSection
	GlobalSection(SolutionProperties) = preSolution
		HideSolutionNode = FALSE
	EndGlobalSection
	GlobalSection(ExtensibilityGlobals) = postSolution
		SolutionGuid = {B713D27E-6950-49F3-AD53-422443665E19}
	EndGlobalSection
EndGlobal
